// !$*UTF8*$!
{
	archiveVersion = 1;
	classes = {
	};
	objectVersion = 46;
	objects = {

/* Begin PBXBuildFile section */
		670945A31DB97B4F00489A08 /* AppDelegate.swift in Sources */ = {isa = PBXBuildFile; fileRef = 670945A21DB97B4F00489A08 /* AppDelegate.swift */; };
		670945A51DB97B4F00489A08 /* MainVC.swift in Sources */ = {isa = PBXBuildFile; fileRef = 670945A41DB97B4F00489A08 /* MainVC.swift */; };
		670945A81DB97B4F00489A08 /* Main.storyboard in Resources */ = {isa = PBXBuildFile; fileRef = 670945A61DB97B4F00489A08 /* Main.storyboard */; };
		670945AB1DB97B4F00489A08 /* DreamLister.xcdatamodeld in Sources */ = {isa = PBXBuildFile; fileRef = 670945A91DB97B4F00489A08 /* DreamLister.xcdatamodeld */; };
		670945AD1DB97B4F00489A08 /* Assets.xcassets in Resources */ = {isa = PBXBuildFile; fileRef = 670945AC1DB97B4F00489A08 /* Assets.xcassets */; };
		670945B01DB97B4F00489A08 /* LaunchScreen.storyboard in Resources */ = {isa = PBXBuildFile; fileRef = 670945AE1DB97B4F00489A08 /* LaunchScreen.storyboard */; };
		670945D11DB9A22D00489A08 /* Item+CoreDataClass.swift in Sources */ = {isa = PBXBuildFile; fileRef = 670945C91DB9A22D00489A08 /* Item+CoreDataClass.swift */; };
		670945D21DB9A22D00489A08 /* Item+CoreDataProperties.swift in Sources */ = {isa = PBXBuildFile; fileRef = 670945CA1DB9A22D00489A08 /* Item+CoreDataProperties.swift */; };
		670945D31DB9A22D00489A08 /* Image+CoreDataClass.swift in Sources */ = {isa = PBXBuildFile; fileRef = 670945CB1DB9A22D00489A08 /* Image+CoreDataClass.swift */; };
		670945D41DB9A22D00489A08 /* Image+CoreDataProperties.swift in Sources */ = {isa = PBXBuildFile; fileRef = 670945CC1DB9A22D00489A08 /* Image+CoreDataProperties.swift */; };
		670945D51DB9A22D00489A08 /* Store+CoreDataClass.swift in Sources */ = {isa = PBXBuildFile; fileRef = 670945CD1DB9A22D00489A08 /* Store+CoreDataClass.swift */; };
		670945D61DB9A22D00489A08 /* Store+CoreDataProperties.swift in Sources */ = {isa = PBXBuildFile; fileRef = 670945CE1DB9A22D00489A08 /* Store+CoreDataProperties.swift */; };
		670945D71DB9A22D00489A08 /* ItemType+CoreDataClass.swift in Sources */ = {isa = PBXBuildFile; fileRef = 670945CF1DB9A22D00489A08 /* ItemType+CoreDataClass.swift */; };
		670945D81DB9A22D00489A08 /* ItemType+CoreDataProperties.swift in Sources */ = {isa = PBXBuildFile; fileRef = 670945D01DB9A22D00489A08 /* ItemType+CoreDataProperties.swift */; };
		67AC69AE1DB9D07F00F5A85B /* MaterialView.swift in Sources */ = {isa = PBXBuildFile; fileRef = 67AC69AD1DB9D07F00F5A85B /* MaterialView.swift */; };
		67AC69B01DB9E72100F5A85B /* ItemCell.swift in Sources */ = {isa = PBXBuildFile; fileRef = 67AC69AF1DB9E72100F5A85B /* ItemCell.swift */; };
/* End PBXBuildFile section */

/* Begin PBXFileReference section */
		6709459F1DB97B4F00489A08 /* DreamLister.app */ = {isa = PBXFileReference; explicitFileType = wrapper.application; includeInIndex = 0; path = DreamLister.app; sourceTree = BUILT_PRODUCTS_DIR; };
		670945A21DB97B4F00489A08 /* AppDelegate.swift */ = {isa = PBXFileReference; lastKnownFileType = sourcecode.swift; path = AppDelegate.swift; sourceTree = "<group>"; };
		670945A41DB97B4F00489A08 /* MainVC.swift */ = {isa = PBXFileReference; lastKnownFileType = sourcecode.swift; path = MainVC.swift; sourceTree = "<group>"; };
		670945A71DB97B4F00489A08 /* Base */ = {isa = PBXFileReference; lastKnownFileType = file.storyboard; name = Base; path = Base.lproj/Main.storyboard; sourceTree = "<group>"; };
		670945AA1DB97B4F00489A08 /* DreamLister.xcdatamodel */ = {isa = PBXFileReference; lastKnownFileType = wrapper.xcdatamodel; path = DreamLister.xcdatamodel; sourceTree = "<group>"; };
		670945AC1DB97B4F00489A08 /* Assets.xcassets */ = {isa = PBXFileReference; lastKnownFileType = folder.assetcatalog; path = Assets.xcassets; sourceTree = "<group>"; };
		670945AF1DB97B4F00489A08 /* Base */ = {isa = PBXFileReference; lastKnownFileType = file.storyboard; name = Base; path = Base.lproj/LaunchScreen.storyboard; sourceTree = "<group>"; };
		670945B11DB97B4F00489A08 /* Info.plist */ = {isa = PBXFileReference; lastKnownFileType = text.plist.xml; path = Info.plist; sourceTree = "<group>"; };
		670945C91DB9A22D00489A08 /* Item+CoreDataClass.swift */ = {isa = PBXFileReference; fileEncoding = 4; lastKnownFileType = sourcecode.swift; path = "Item+CoreDataClass.swift"; sourceTree = "<group>"; };
		670945CA1DB9A22D00489A08 /* Item+CoreDataProperties.swift */ = {isa = PBXFileReference; fileEncoding = 4; lastKnownFileType = sourcecode.swift; path = "Item+CoreDataProperties.swift"; sourceTree = "<group>"; };
		670945CB1DB9A22D00489A08 /* Image+CoreDataClass.swift */ = {isa = PBXFileReference; fileEncoding = 4; lastKnownFileType = sourcecode.swift; path = "Image+CoreDataClass.swift"; sourceTree = "<group>"; };
		670945CC1DB9A22D00489A08 /* Image+CoreDataProperties.swift */ = {isa = PBXFileReference; fileEncoding = 4; lastKnownFileType = sourcecode.swift; path = "Image+CoreDataProperties.swift"; sourceTree = "<group>"; };
		670945CD1DB9A22D00489A08 /* Store+CoreDataClass.swift */ = {isa = PBXFileReference; fileEncoding = 4; lastKnownFileType = sourcecode.swift; path = "Store+CoreDataClass.swift"; sourceTree = "<group>"; };
		670945CE1DB9A22D00489A08 /* Store+CoreDataProperties.swift */ = {isa = PBXFileReference; fileEncoding = 4; lastKnownFileType = sourcecode.swift; path = "Store+CoreDataProperties.swift"; sourceTree = "<group>"; };
		670945CF1DB9A22D00489A08 /* ItemType+CoreDataClass.swift */ = {isa = PBXFileReference; fileEncoding = 4; lastKnownFileType = sourcecode.swift; path = "ItemType+CoreDataClass.swift"; sourceTree = "<group>"; };
		670945D01DB9A22D00489A08 /* ItemType+CoreDataProperties.swift */ = {isa = PBXFileReference; fileEncoding = 4; lastKnownFileType = sourcecode.swift; path = "ItemType+CoreDataProperties.swift"; sourceTree = "<group>"; };
		67AC69AD1DB9D07F00F5A85B /* MaterialView.swift */ = {isa = PBXFileReference; fileEncoding = 4; lastKnownFileType = sourcecode.swift; path = MaterialView.swift; sourceTree = "<group>"; };
		67AC69AF1DB9E72100F5A85B /* ItemCell.swift */ = {isa = PBXFileReference; fileEncoding = 4; lastKnownFileType = sourcecode.swift; path = ItemCell.swift; sourceTree = "<group>"; };
/* End PBXFileReference section */

/* Begin PBXFrameworksBuildPhase section */
		6709459C1DB97B4F00489A08 /* Frameworks */ = {
			isa = PBXFrameworksBuildPhase;
			buildActionMask = 2147483647;
			files = (
			);
			runOnlyForDeploymentPostprocessing = 0;
		};
/* End PBXFrameworksBuildPhase section */

/* Begin PBXGroup section */
		670945961DB97B4F00489A08 = {
			isa = PBXGroup;
			children = (
				670945A11DB97B4F00489A08 /* DreamLister */,
				670945A01DB97B4F00489A08 /* Products */,
			);
			sourceTree = "<group>";
		};
		670945A01DB97B4F00489A08 /* Products */ = {
			isa = PBXGroup;
			children = (
				6709459F1DB97B4F00489A08 /* DreamLister.app */,
			);
			name = Products;
			sourceTree = "<group>";
		};
		670945A11DB97B4F00489A08 /* DreamLister */ = {
			isa = PBXGroup;
			children = (
				67AC69AC1DB9D03300F5A85B /* View */,
				670945C71DB993ED00489A08 /* Model */,
				670945A21DB97B4F00489A08 /* AppDelegate.swift */,
				670945A41DB97B4F00489A08 /* MainVC.swift */,
				670945A61DB97B4F00489A08 /* Main.storyboard */,
				670945AC1DB97B4F00489A08 /* Assets.xcassets */,
				670945AE1DB97B4F00489A08 /* LaunchScreen.storyboard */,
				670945B11DB97B4F00489A08 /* Info.plist */,
				670945A91DB97B4F00489A08 /* DreamLister.xcdatamodeld */,
			);
			path = DreamLister;
			sourceTree = "<group>";
		};
		670945C71DB993ED00489A08 /* Model */ = {
			isa = PBXGroup;
			children = (
				670945C91DB9A22D00489A08 /* Item+CoreDataClass.swift */,
				670945CB1DB9A22D00489A08 /* Image+CoreDataClass.swift */,
				670945CD1DB9A22D00489A08 /* Store+CoreDataClass.swift */,
				670945CF1DB9A22D00489A08 /* ItemType+CoreDataClass.swift */,
				670945C81DB9940800489A08 /* Generated */,
			);
			name = Model;
			sourceTree = "<group>";
		};
		670945C81DB9940800489A08 /* Generated */ = {
			isa = PBXGroup;
			children = (
				670945CA1DB9A22D00489A08 /* Item+CoreDataProperties.swift */,
				670945CC1DB9A22D00489A08 /* Image+CoreDataProperties.swift */,
				670945CE1DB9A22D00489A08 /* Store+CoreDataProperties.swift */,
				670945D01DB9A22D00489A08 /* ItemType+CoreDataProperties.swift */,
			);
			name = Generated;
			sourceTree = "<group>";
		};
		67AC69AC1DB9D03300F5A85B /* View */ = {
			isa = PBXGroup;
			children = (
				67AC69AD1DB9D07F00F5A85B /* MaterialView.swift */,
				67AC69AF1DB9E72100F5A85B /* ItemCell.swift */,
			);
			name = View;
			sourceTree = "<group>";
		};
/* End PBXGroup section */

/* Begin PBXNativeTarget section */
		6709459E1DB97B4F00489A08 /* DreamLister */ = {
			isa = PBXNativeTarget;
			buildConfigurationList = 670945B41DB97B4F00489A08 /* Build configuration list for PBXNativeTarget "DreamLister" */;
			buildPhases = (
				6709459B1DB97B4F00489A08 /* Sources */,
				6709459C1DB97B4F00489A08 /* Frameworks */,
				6709459D1DB97B4F00489A08 /* Resources */,
			);
			buildRules = (
			);
			dependencies = (
			);
			name = DreamLister;
			productName = DreamLister;
			productReference = 6709459F1DB97B4F00489A08 /* DreamLister.app */;
			productType = "com.apple.product-type.application";
		};
/* End PBXNativeTarget section */

/* Begin PBXProject section */
		670945971DB97B4F00489A08 /* Project object */ = {
			isa = PBXProject;
			attributes = {
				LastSwiftUpdateCheck = 0800;
				LastUpgradeCheck = 0800;
				ORGANIZATIONNAME = "Joy Umali";
				TargetAttributes = {
					6709459E1DB97B4F00489A08 = {
						CreatedOnToolsVersion = 8.0;
						ProvisioningStyle = Automatic;
					};
				};
			};
			buildConfigurationList = 6709459A1DB97B4F00489A08 /* Build configuration list for PBXProject "DreamLister" */;
			compatibilityVersion = "Xcode 3.2";
			developmentRegion = English;
			hasScannedForEncodings = 0;
			knownRegions = (
				en,
				Base,
			);
			mainGroup = 670945961DB97B4F00489A08;
			productRefGroup = 670945A01DB97B4F00489A08 /* Products */;
			projectDirPath = "";
			projectRoot = "";
			targets = (
				6709459E1DB97B4F00489A08 /* DreamLister */,
			);
		};
/* End PBXProject section */

/* Begin PBXResourcesBuildPhase section */
		6709459D1DB97B4F00489A08 /* Resources */ = {
			isa = PBXResourcesBuildPhase;
			buildActionMask = 2147483647;
			files = (
				670945B01DB97B4F00489A08 /* LaunchScreen.storyboard in Resources */,
				670945AD1DB97B4F00489A08 /* Assets.xcassets in Resources */,
				670945A81DB97B4F00489A08 /* Main.storyboard in Resources */,
			);
			runOnlyForDeploymentPostprocessing = 0;
		};
/* End PBXResourcesBuildPhase section */

/* Begin PBXSourcesBuildPhase section */
		6709459B1DB97B4F00489A08 /* Sources */ = {
			isa = PBXSourcesBuildPhase;
			buildActionMask = 2147483647;
			files = (
				67AC69B01DB9E72100F5A85B /* ItemCell.swift in Sources */,
				670945A51DB97B4F00489A08 /* MainVC.swift in Sources */,
				670945A31DB97B4F00489A08 /* AppDelegate.swift in Sources */,
				670945D71DB9A22D00489A08 /* ItemType+CoreDataClass.swift in Sources */,
				67AC69AE1DB9D07F00F5A85B /* MaterialView.swift in Sources */,
				670945D11DB9A22D00489A08 /* Item+CoreDataClass.swift in Sources */,
				670945D31DB9A22D00489A08 /* Image+CoreDataClass.swift in Sources */,
				670945D61DB9A22D00489A08 /* Store+CoreDataProperties.swift in Sources */,
				670945AB1DB97B4F00489A08 /* DreamLister.xcdatamodeld in Sources */,
				670945D81DB9A22D00489A08 /* ItemType+CoreDataProperties.swift in Sources */,
				670945D51DB9A22D00489A08 /* Store+CoreDataClass.swift in Sources */,
				670945D21DB9A22D00489A08 /* Item+CoreDataProperties.swift in Sources */,
				670945D41DB9A22D00489A08 /* Image+CoreDataProperties.swift in Sources */,
			);
			runOnlyForDeploymentPostprocessing = 0;
		};
/* End PBXSourcesBuildPhase section */

/* Begin PBXVariantGroup section */
		670945A61DB97B4F00489A08 /* Main.storyboard */ = {
			isa = PBXVariantGroup;
			children = (
				670945A71DB97B4F00489A08 /* Base */,
			);
			name = Main.storyboard;
			sourceTree = "<group>";
		};
		670945AE1DB97B4F00489A08 /* LaunchScreen.storyboard */ = {
			isa = PBXVariantGroup;
			children = (
				670945AF1DB97B4F00489A08 /* Base */,
			);
			name = LaunchScreen.storyboard;
			sourceTree = "<group>";
		};
/* End PBXVariantGroup section */

/* Begin XCBuildConfiguration section */
		670945B21DB97B4F00489A08 /* Debug */ = {
			isa = XCBuildConfiguration;
			buildSettings = {
				ALWAYS_SEARCH_USER_PATHS = NO;
				CLANG_ANALYZER_NONNULL = YES;
				CLANG_CXX_LANGUAGE_STANDARD = "gnu++0x";
				CLANG_CXX_LIBRARY = "libc++";
				CLANG_ENABLE_MODULES = YES;
				CLANG_ENABLE_OBJC_ARC = YES;
				CLANG_WARN_BOOL_CONVERSION = YES;
				CLANG_WARN_CONSTANT_CONVERSION = YES;
				CLANG_WARN_DIRECT_OBJC_ISA_USAGE = YES_ERROR;
				CLANG_WARN_DOCUMENTATION_COMMENTS = YES;
				CLANG_WARN_EMPTY_BODY = YES;
				CLANG_WARN_ENUM_CONVERSION = YES;
				CLANG_WARN_INFINITE_RECURSION = YES;
				CLANG_WARN_INT_CONVERSION = YES;
				CLANG_WARN_OBJC_ROOT_CLASS = YES_ERROR;
				CLANG_WARN_SUSPICIOUS_MOVES = YES;
				CLANG_WARN_UNREACHABLE_CODE = YES;
				CLANG_WARN__DUPLICATE_METHOD_MATCH = YES;
				"CODE_SIGN_IDENTITY[sdk=iphoneos*]" = "iPhone Developer";
				COPY_PHASE_STRIP = NO;
				DEBUG_INFORMATION_FORMAT = dwarf;
				ENABLE_STRICT_OBJC_MSGSEND = YES;
				ENABLE_TESTABILITY = YES;
				GCC_C_LANGUAGE_STANDARD = gnu99;
				GCC_DYNAMIC_NO_PIC = NO;
				GCC_NO_COMMON_BLOCKS = YES;
				GCC_OPTIMIZATION_LEVEL = 0;
				GCC_PREPROCESSOR_DEFINITIONS = (
					"DEBUG=1",
					"$(inherited)",
				);
				GCC_WARN_64_TO_32_BIT_CONVERSION = YES;
				GCC_WARN_ABOUT_RETURN_TYPE = YES_ERROR;
				GCC_WARN_UNDECLARED_SELECTOR = YES;
				GCC_WARN_UNINITIALIZED_AUTOS = YES_AGGRESSIVE;
				GCC_WARN_UNUSED_FUNCTION = YES;
				GCC_WARN_UNUSED_VARIABLE = YES;
				IPHONEOS_DEPLOYMENT_TARGET = 10.0;
				MTL_ENABLE_DEBUG_INFO = YES;
				ONLY_ACTIVE_ARCH = YES;
				SDKROOT = iphoneos;
				SWIFT_ACTIVE_COMPILATION_CONDITIONS = DEBUG;
				SWIFT_OPTIMIZATION_LEVEL = "-Onone";
				TARGETED_DEVICE_FAMILY = "1,2";
			};
			name = Debug;
		};
		670945B31DB97B4F00489A08 /* Release */ = {
			isa = XCBuildConfiguration;
			buildSettings = {
				ALWAYS_SEARCH_USER_PATHS = NO;
				CLANG_ANALYZER_NONNULL = YES;
				CLANG_CXX_LANGUAGE_STANDARD = "gnu++0x";
				CLANG_CXX_LIBRARY = "libc++";
				CLANG_ENABLE_MODULES = YES;
				CLANG_ENABLE_OBJC_ARC = YES;
				CLANG_WARN_BOOL_CONVERSION = YES;
				CLANG_WARN_CONSTANT_CONVERSION = YES;
				CLANG_WARN_DIRECT_OBJC_ISA_USAGE = YES_ERROR;
				CLANG_WARN_DOCUMENTATION_COMMENTS = YES;
				CLANG_WARN_EMPTY_BODY = YES;
				CLANG_WARN_ENUM_CONVERSION = YES;
				CLANG_WARN_INFINITE_RECURSION = YES;
				CLANG_WARN_INT_CONVERSION = YES;
				CLANG_WARN_OBJC_ROOT_CLASS = YES_ERROR;
				CLANG_WARN_SUSPICIOUS_MOVES = YES;
				CLANG_WARN_UNREACHABLE_CODE = YES;
				CLANG_WARN__DUPLICATE_METHOD_MATCH = YES;
				"CODE_SIGN_IDENTITY[sdk=iphoneos*]" = "iPhone Developer";
				COPY_PHASE_STRIP = NO;
				DEBUG_INFORMATION_FORMAT = "dwarf-with-dsym";
				ENABLE_NS_ASSERTIONS = NO;
				ENABLE_STRICT_OBJC_MSGSEND = YES;
				GCC_C_LANGUAGE_STANDARD = gnu99;
				GCC_NO_COMMON_BLOCKS = YES;
				GCC_WARN_64_TO_32_BIT_CONVERSION = YES;
				GCC_WARN_ABOUT_RETURN_TYPE = YES_ERROR;
				GCC_WARN_UNDECLARED_SELECTOR = YES;
				GCC_WARN_UNINITIALIZED_AUTOS = YES_AGGRESSIVE;
				GCC_WARN_UNUSED_FUNCTION = YES;
				GCC_WARN_UNUSED_VARIABLE = YES;
				IPHONEOS_DEPLOYMENT_TARGET = 10.0;
				MTL_ENABLE_DEBUG_INFO = NO;
				SDKROOT = iphoneos;
				SWIFT_OPTIMIZATION_LEVEL = "-Owholemodule";
				TARGETED_DEVICE_FAMILY = "1,2";
				VALIDATE_PRODUCT = YES;
			};
			name = Release;
		};
		670945B51DB97B4F00489A08 /* Debug */ = {
			isa = XCBuildConfiguration;
			buildSettings = {
				ASSETCATALOG_COMPILER_APPICON_NAME = AppIcon;
				INFOPLIST_FILE = DreamLister/Info.plist;
				LD_RUNPATH_SEARCH_PATHS = "$(inherited) @executable_path/Frameworks";
				PRODUCT_BUNDLE_IDENTIFIER = com.joyumali.DreamLister;
				PRODUCT_NAME = "$(TARGET_NAME)";
				SWIFT_VERSION = 3.0;
			};
			name = Debug;
		};
		670945B61DB97B4F00489A08 /* Release */ = {
			isa = XCBuildConfiguration;
			buildSettings = {
				ASSETCATALOG_COMPILER_APPICON_NAME = AppIcon;
				INFOPLIST_FILE = DreamLister/Info.plist;
				LD_RUNPATH_SEARCH_PATHS = "$(inherited) @executable_path/Frameworks";
				PRODUCT_BUNDLE_IDENTIFIER = com.joyumali.DreamLister;
				PRODUCT_NAME = "$(TARGET_NAME)";
				SWIFT_VERSION = 3.0;
			};
			name = Release;
		};
/* End XCBuildConfiguration section */

/* Begin XCConfigurationList section */
		6709459A1DB97B4F00489A08 /* Build configuration list for PBXProject "DreamLister" */ = {
			isa = XCConfigurationList;
			buildConfigurations = (
				670945B21DB97B4F00489A08 /* Debug */,
				670945B31DB97B4F00489A08 /* Release */,
			);
			defaultConfigurationIsVisible = 0;
			defaultConfigurationName = Release;
		};
		670945B41DB97B4F00489A08 /* Build configuration list for PBXNativeTarget "DreamLister" */ = {
			isa = XCConfigurationList;
			buildConfigurations = (
				670945B51DB97B4F00489A08 /* Debug */,
				670945B61DB97B4F00489A08 /* Release */,
			);
			defaultConfigurationIsVisible = 0;
			defaultConfigurationName = Release;
		};
/* End XCConfigurationList section */

/* Begin XCVersionGroup section */
		670945A91DB97B4F00489A08 /* DreamLister.xcdatamodeld */ = {
			isa = XCVersionGroup;
			children = (
				670945AA1DB97B4F00489A08 /* DreamLister.xcdatamodel */,
			);
			currentVersion = 670945AA1DB97B4F00489A08 /* DreamLister.xcdatamodel */;
			path = DreamLister.xcdatamodeld;
			sourceTree = "<group>";
			versionGroupType = wrapper.xcdatamodel;
		};
/* End XCVersionGroup section */
	};
	rootObject = 670945971DB97B4F00489A08 /* Project object */;
}
